
Microsoft Visual Studio Solution File, Format Version 12.00
# Visual Studio 2012
Project("{FAE04EC0-301F-11D3-BF4B-00C04F79EFBC}") = "sha1-FP", "sha1-FP\sha1-FP.csproj", "{896CC8BA-2FE5-42C5-A80B-C8F44EA36AD0}"
EndProject
Project("{2150E333-8FDC-42A3-9474-1A3956D46DE8}") = "Libs", "Libs", "{A00B5DFF-6822-42BB-92E8-DD01DCDA2306}"
EndProject
Project("{FAE04EC0-301F-11D3-BF4B-00C04F79EFBC}") = "sha1.SerialUtilities", "Libs\SerialPort\sha1.SerialUtilities.csproj", "{0E7D2BAA-DBB4-41B1-B99B-5086DDC55D7E}"
EndProject
Project("{FAE04EC0-301F-11D3-BF4B-00C04F79EFBC}") = "CustomTabControl", "Libs\CustomTabControl\CustomTabControl.csproj", "{4DBFE2CF-45E4-4594-8E6A-5EBC2EEF85AE}"
EndProject
Project("{FAE04EC0-301F-11D3-BF4B-00C04F79EFBC}") = "SHA1.UserControls", "SHA1.UserControls\SHA1.UserControls.csproj", "{A2AF2332-1884-49F3-B8B3-7202D263390F}"
EndProject
Project("{2150E333-8FDC-42A3-9474-1A3956D46DE8}") = "Controls", "Controls", "{AC366A98-6CBA-40B3-9122-8E971A621BF0}"
EndProject
Global
	GlobalSection(SolutionConfigurationPlatforms) = preSolution
		Debug|Any CPU = Debug|Any CPU
		Debug|Mixed Platforms = Debug|Mixed Platforms
		Debug|x86 = Debug|x86
		Release|Any CPU = Release|Any CPU
		Release|Mixed Platforms = Release|Mixed Platforms
		Release|x86 = Release|x86
	EndGlobalSection
	GlobalSection(ProjectConfigurationPlatforms) = postSolution
		{896CC8BA-2FE5-42C5-A80B-C8F44EA36AD0}.Debug|Any CPU.ActiveCfg = Debug|Any CPU
		{896CC8BA-2FE5-42C5-A80B-C8F44EA36AD0}.Debug|Any CPU.Build.0 = Debug|Any CPU
		{896CC8BA-2FE5-42C5-A80B-C8F44EA36AD0}.Debug|Mixed Platforms.ActiveCfg = Debug|Any CPU
		{896CC8BA-2FE5-42C5-A80B-C8F44EA36AD0}.Debug|Mixed Platforms.Build.0 = Debug|Any CPU
		{896CC8BA-2FE5-42C5-A80B-C8F44EA36AD0}.Debug|x86.ActiveCfg = Debug|Any CPU
		{896CC8BA-2FE5-42C5-A80B-C8F44EA36AD0}.Release|Any CPU.ActiveCfg = Release|Any CPU
		{896CC8BA-2FE5-42C5-A80B-C8F44EA36AD0}.Release|Any CPU.Build.0 = Release|Any CPU
		{896CC8BA-2FE5-42C5-A80B-C8F44EA36AD0}.Release|Mixed Platforms.ActiveCfg = Release|Any CPU
		{896CC8BA-2FE5-42C5-A80B-C8F44EA36AD0}.Release|Mixed Platforms.Build.0 = Release|Any CPU
		{896CC8BA-2FE5-42C5-A80B-C8F44EA36AD0}.Release|x86.ActiveCfg = Release|Any CPU
		{0E7D2BAA-DBB4-41B1-B99B-5086DDC55D7E}.Debug|Any CPU.ActiveCfg = Debug|Any CPU
		{0E7D2BAA-DBB4-41B1-B99B-5086DDC55D7E}.Debug|Any CPU.Build.0 = Debug|Any CPU
		{0E7D2BAA-DBB4-41B1-B99B-5086DDC55D7E}.Debug|Mixed Platforms.ActiveCfg = Debug|Any CPU
		{0E7D2BAA-DBB4-41B1-B99B-5086DDC55D7E}.Debug|Mixed Platforms.Build.0 = Debug|Any CPU
		{0E7D2BAA-DBB4-41B1-B99B-5086DDC55D7E}.Debug|x86.ActiveCfg = Debug|Any CPU
		{0E7D2BAA-DBB4-41B1-B99B-5086DDC55D7E}.Release|Any CPU.ActiveCfg = Release|Any CPU
		{0E7D2BAA-DBB4-41B1-B99B-5086DDC55D7E}.Release|Any CPU.Build.0 = Release|Any CPU
		{0E7D2BAA-DBB4-41B1-B99B-5086DDC55D7E}.Release|Mixed Platforms.ActiveCfg = Release|Any CPU
		{0E7D2BAA-DBB4-41B1-B99B-5086DDC55D7E}.Release|Mixed Platforms.Build.0 = Release|Any CPU
		{0E7D2BAA-DBB4-41B1-B99B-5086DDC55D7E}.Release|x86.ActiveCfg = Release|Any CPU
		{4DBFE2CF-45E4-4594-8E6A-5EBC2EEF85AE}.Debug|Any CPU.ActiveCfg = Debug|x86
		{4DBFE2CF-45E4-4594-8E6A-5EBC2EEF85AE}.Debug|Mixed Platforms.ActiveCfg = Debug|x86
		{4DBFE2CF-45E4-4594-8E6A-5EBC2EEF85AE}.Debug|Mixed Platforms.Build.0 = Debug|x86
		{4DBFE2CF-45E4-4594-8E6A-5EBC2EEF85AE}.Debug|x86.ActiveCfg = Debug|x86
		{4DBFE2CF-45E4-4594-8E6A-5EBC2EEF85AE}.Debug|x86.Build.0 = Debug|x86
		{4DBFE2CF-45E4-4594-8E6A-5EBC2EEF85AE}.Release|Any CPU.ActiveCfg = Release|x86
		{4DBFE2CF-45E4-4594-8E6A-5EBC2EEF85AE}.Release|Mixed Platforms.ActiveCfg = Release|x86
		{4DBFE2CF-45E4-4594-8E6A-5EBC2EEF85AE}.Release|Mixed Platforms.Build.0 = Release|x86
		{4DBFE2CF-45E4-4594-8E6A-5EBC2EEF85AE}.Release|x86.ActiveCfg = Release|x86
		{4DBFE2CF-45E4-4594-8E6A-5EBC2EEF85AE}.Release|x86.Build.0 = Release|x86
		{A2AF2332-1884-49F3-B8B3-7202D263390F}.Debug|Any CPU.ActiveCfg = Debug|Any CPU
		{A2AF2332-1884-49F3-B8B3-7202D263390F}.Debug|Any CPU.Build.0 = Debug|Any CPU
		{A2AF2332-1884-49F3-B8B3-7202D263390F}.Debug|Mixed Platforms.ActiveCfg = Debug|Any CPU
		{A2AF2332-1884-49F3-B8B3-7202D263390F}.Debug|Mixed Platforms.Build.0 = Debug|Any CPU
		{A2AF2332-1884-49F3-B8B3-7202D263390F}.Debug|x86.ActiveCfg = Debug|Any CPU
		{A2AF2332-1884-49F3-B8B3-7202D263390F}.Release|Any CPU.ActiveCfg = Release|Any CPU
		{A2AF2332-1884-49F3-B8B3-7202D263390F}.Release|Any CPU.Build.0 = Release|Any CPU
		{A2AF2332-1884-49F3-B8B3-7202D263390F}.Release|Mixed Platforms.ActiveCfg = Release|Any CPU
		{A2AF2332-1884-49F3-B8B3-7202D263390F}.Release|Mixed Platforms.Build.0 = Release|Any CPU
		{A2AF2332-1884-49F3-B8B3-7202D263390F}.Release|x86.ActiveCfg = Release|Any CPU
	EndGlobalSection
	GlobalSection(SolutionProperties) = preSolution
		HideSolutionNode = FALSE
	EndGlobalSection
	GlobalSection(NestedProjects) = preSolution
		{0E7D2BAA-DBB4-41B1-B99B-5086DDC55D7E} = {A00B5DFF-6822-42BB-92E8-DD01DCDA2306}
		{AC366A98-6CBA-40B3-9122-8E971A621BF0} = {A00B5DFF-6822-42BB-92E8-DD01DCDA2306}
		{4DBFE2CF-45E4-4594-8E6A-5EBC2EEF85AE} = {AC366A98-6CBA-40B3-9122-8E971A621BF0}
		{A2AF2332-1884-49F3-B8B3-7202D263390F} = {AC366A98-6CBA-40B3-9122-8E971A621BF0}
	EndGlobalSection
EndGlobal
